
Microsoft Visual Studio Solution File, Format Version 12.00
# Visual Studio Version 17
VisualStudioVersion = 17.5.33516.290
MinimumVisualStudioVersion = 10.0.40219.1
Project("{2150E333-8FDC-42A3-9474-1A3956D46DE8}") = "Modul001_SOLID", "Modul001_SOLID", "{D3931DA2-6BA6-4DF6-9C48-3AC0D09E0B23}"
EndProject
Project("{9A19103F-16F7-4668-BE54-9A1E7A4F7556}") = "SingleResponsibilityPrincipe", "SingleResponsibilityPrincipe\SingleResponsibilityPrincipe.csproj", "{EA347003-944B-452E-A961-76A263B117EC}"
EndProject
Project("{9A19103F-16F7-4668-BE54-9A1E7A4F7556}") = "OpenClosePrincipe", "OpenClosePrincipe\OpenClosePrincipe.csproj", "{0786E833-6B41-4DF1-8A50-73E3E41CB379}"
EndProject
Project("{9A19103F-16F7-4668-BE54-9A1E7A4F7556}") = "LizkovischePrincipe", "LizkovischePrincipe\LizkovischePrincipe.csproj", "{E202495F-A1A6-415F-B453-18933A0EA405}"
EndProject
Project("{9A19103F-16F7-4668-BE54-9A1E7A4F7556}") = "InterfaceSegerationPrincipe", "InterfaceSegerationPrincipe\InterfaceSegerationPrincipe.csproj", "{3F487B6C-8A9D-4B8C-A197-3156743603E7}"
EndProject
Project("{9A19103F-16F7-4668-BE54-9A1E7A4F7556}") = "DependencyInversion", "DependencyInversion\DependencyInversion.csproj", "{18CCC4B2-7A9D-42EC-BE7B-7922F2117012}"
EndProject
Project("{2150E333-8FDC-42A3-9474-1A3956D46DE8}") = "Modul002_IOC", "Modul002_IOC", "{E8F091E0-20A4-4E9F-9843-594E297FF8C6}"
EndProject
Project("{9A19103F-16F7-4668-BE54-9A1E7A4F7556}") = "IOCSample", "IOCSample\IOCSample.csproj", "{1D35B2DB-26B0-4CD1-B17D-A42486F9E329}"
EndProject
Project("{9A19103F-16F7-4668-BE54-9A1E7A4F7556}") = "ASPNETCORE_IOCSample", "ASPNETCORE_IOCSample\ASPNETCORE_IOCSample.csproj", "{14912B87-808A-48C0-A5FD-9C93721FCECB}"
EndProject
Project("{FAE04EC0-301F-11D3-BF4B-00C04F79EFBC}") = "ASPNETCORE_ConfigurationSamples", "ASPNETCORE_ConfigurationSamples\ASPNETCORE_ConfigurationSamples.csproj", "{61CE8616-5BEA-4F9F-95F6-2F46518BF4AA}"
EndProject
Project("{2150E333-8FDC-42A3-9474-1A3956D46DE8}") = "Modul003_DefaultProjectOverview", "Modul003_DefaultProjectOverview", "{F4C2EA13-9110-40BC-9E44-CE9B7F3B4E9B}"
EndProject
Project("{FAE04EC0-301F-11D3-BF4B-00C04F79EFBC}") = "DefaultASPNETCoreRazorPage", "DefaultASPNETCoreRazorPage\DefaultASPNETCoreRazorPage.csproj", "{CFA6B22A-DC30-4614-B904-136505722624}"
EndProject
Project("{FAE04EC0-301F-11D3-BF4B-00C04F79EFBC}") = "DefaultASPNETCoreRazorPageNET5", "DefaultASPNETCoreRazorPageNET5\DefaultASPNETCoreRazorPageNET5.csproj", "{B2034AA7-113D-4E6C-B431-27281B927F7D}"
EndProject
Project("{2150E333-8FDC-42A3-9474-1A3956D46DE8}") = "Modul004_RazorPage_Einstieg", "Modul004_RazorPage_Einstieg", "{BC5E1F99-ADF5-4148-B291-B38DE94BE209}"
EndProject
Project("{FAE04EC0-301F-11D3-BF4B-00C04F79EFBC}") = "RazorSamples", "RazorSamples\RazorSamples.csproj", "{B4877A6D-B61B-4553-8BCA-B9F39607F297}"
EndProject
Project("{2150E333-8FDC-42A3-9474-1A3956D46DE8}") = "WiederholungTag1", "WiederholungTag1", "{CFDBD567-5444-421C-8423-12CCD805F005}"
EndProject
Project("{FAE04EC0-301F-11D3-BF4B-00C04F79EFBC}") = "LoggingSample", "LoggingSample\LoggingSample.csproj", "{D839CBA1-07AC-4A04-ACF9-A429B4F89BD9}"
EndProject
Project("{FAE04EC0-301F-11D3-BF4B-00C04F79EFBC}") = "Modul004b_RazorPage_with_Objects", "Modul004b_RazorPage_with_Objects\Modul004b_RazorPage_with_Objects.csproj", "{9459687E-B5DA-4FD2-ACCF-D4C5E3FD6F79}"
EndProject
Project("{2150E333-8FDC-42A3-9474-1A3956D46DE8}") = "Modul005_RazorPages with EFCore", "Modul005_RazorPages with EFCore", "{BF0EB1FC-BD36-4A32-97F2-69768DFC6072}"
EndProject
Project("{FAE04EC0-301F-11D3-BF4B-00C04F79EFBC}") = "RazorPages_with_EFCore_Intro", "RazorPages_with_EFCore_Intro\RazorPages_with_EFCore_Intro.csproj", "{D8B162FF-F2FE-458F-A19F-791F5FA64BE0}"
EndProject
Project("{2150E333-8FDC-42A3-9474-1A3956D46DE8}") = "Modul006_DataAnnotations_Validierung", "Modul006_DataAnnotations_Validierung", "{BC40F7CF-284A-45D6-BB71-FE9566EB1D71}"
EndProject
Project("{FAE04EC0-301F-11D3-BF4B-00C04F79EFBC}") = "ValidierungsSamples", "ValidierungsSamples\ValidierungsSamples.csproj", "{72927B07-F76D-4AC5-99A1-BAC1B511F96B}"
EndProject
Project("{2150E333-8FDC-42A3-9474-1A3956D46DE8}") = "Modul007_Advanced_RazorPages", "Modul007_Advanced_RazorPages", "{6D833E73-66B4-4EB6-A0D7-E8B144EE14B0}"
EndProject
Project("{FAE04EC0-301F-11D3-BF4B-00C04F79EFBC}") = "RazorPages_Advanced", "RazorPages_Advanced\RazorPages_Advanced.csproj", "{59845C61-226D-40E9-9DFC-AC58B627041E}"
EndProject
Project("{2150E333-8FDC-42A3-9474-1A3956D46DE8}") = "Solution Items", "Solution Items", "{7AB7A1E5-D018-4663-B712-D906003BCA76}"
	ProjectSection(SolutionItems) = preProject
		..\Agenda.md = ..\Agenda.md
	EndProjectSection
EndProject
Project("{2150E333-8FDC-42A3-9474-1A3956D46DE8}") = "Modul008_RazorPages_with_EFCore_Relations", "Modul008_RazorPages_with_EFCore_Relations", "{E0480F16-0666-4C84-85C4-FCD5ACB53829}"
EndProject
Project("{FAE04EC0-301F-11D3-BF4B-00C04F79EFBC}") = "EFCore_with_LazyLoading", "EFCore_with_LazyLoading\EFCore_with_LazyLoading.csproj", "{BA4D23A0-0B1B-4FA4-9421-2F197B6EBF79}"
EndProject
Global
	GlobalSection(SolutionConfigurationPlatforms) = preSolution
		Debug|Any CPU = Debug|Any CPU
		Release|Any CPU = Release|Any CPU
	EndGlobalSection
	GlobalSection(ProjectConfigurationPlatforms) = postSolution
		{EA347003-944B-452E-A961-76A263B117EC}.Debug|Any CPU.ActiveCfg = Debug|Any CPU
		{EA347003-944B-452E-A961-76A263B117EC}.Debug|Any CPU.Build.0 = Debug|Any CPU
		{EA347003-944B-452E-A961-76A263B117EC}.Release|Any CPU.ActiveCfg = Release|Any CPU
		{EA347003-944B-452E-A961-76A263B117EC}.Release|Any CPU.Build.0 = Release|Any CPU
		{0786E833-6B41-4DF1-8A50-73E3E41CB379}.Debug|Any CPU.ActiveCfg = Debug|Any CPU
		{0786E833-6B41-4DF1-8A50-73E3E41CB379}.Debug|Any CPU.Build.0 = Debug|Any CPU
		{0786E833-6B41-4DF1-8A50-73E3E41CB379}.Release|Any CPU.ActiveCfg = Release|Any CPU
		{0786E833-6B41-4DF1-8A50-73E3E41CB379}.Release|Any CPU.Build.0 = Release|Any CPU
		{E202495F-A1A6-415F-B453-18933A0EA405}.Debug|Any CPU.ActiveCfg = Debug|Any CPU
		{E202495F-A1A6-415F-B453-18933A0EA405}.Debug|Any CPU.Build.0 = Debug|Any CPU
		{E202495F-A1A6-415F-B453-18933A0EA405}.Release|Any CPU.ActiveCfg = Release|Any CPU
		{E202495F-A1A6-415F-B453-18933A0EA405}.Release|Any CPU.Build.0 = Release|Any CPU
		{3F487B6C-8A9D-4B8C-A197-3156743603E7}.Debug|Any CPU.ActiveCfg = Debug|Any CPU
		{3F487B6C-8A9D-4B8C-A197-3156743603E7}.Debug|Any CPU.Build.0 = Debug|Any CPU
		{3F487B6C-8A9D-4B8C-A197-3156743603E7}.Release|Any CPU.ActiveCfg = Release|Any CPU
		{3F487B6C-8A9D-4B8C-A197-3156743603E7}.Release|Any CPU.Build.0 = Release|Any CPU
		{18CCC4B2-7A9D-42EC-BE7B-7922F2117012}.Debug|Any CPU.ActiveCfg = Debug|Any CPU
		{18CCC4B2-7A9D-42EC-BE7B-7922F2117012}.Debug|Any CPU.Build.0 = Debug|Any CPU
		{18CCC4B2-7A9D-42EC-BE7B-7922F2117012}.Release|Any CPU.ActiveCfg = Release|Any CPU
		{18CCC4B2-7A9D-42EC-BE7B-7922F2117012}.Release|Any CPU.Build.0 = Release|Any CPU
		{1D35B2DB-26B0-4CD1-B17D-A42486F9E329}.Debug|Any CPU.ActiveCfg = Debug|Any CPU
		{1D35B2DB-26B0-4CD1-B17D-A42486F9E329}.Debug|Any CPU.Build.0 = Debug|Any CPU
		{1D35B2DB-26B0-4CD1-B17D-A42486F9E329}.Release|Any CPU.ActiveCfg = Release|Any CPU
		{1D35B2DB-26B0-4CD1-B17D-A42486F9E329}.Release|Any CPU.Build.0 = Release|Any CPU
		{14912B87-808A-48C0-A5FD-9C93721FCECB}.Debug|Any CPU.ActiveCfg = Debug|Any CPU
		{14912B87-808A-48C0-A5FD-9C93721FCECB}.Debug|Any CPU.Build.0 = Debug|Any CPU
		{14912B87-808A-48C0-A5FD-9C93721FCECB}.Release|Any CPU.ActiveCfg = Release|Any CPU
		{14912B87-808A-48C0-A5FD-9C93721FCECB}.Release|Any CPU.Build.0 = Release|Any CPU
		{61CE8616-5BEA-4F9F-95F6-2F46518BF4AA}.Debug|Any CPU.ActiveCfg = Debug|Any CPU
		{61CE8616-5BEA-4F9F-95F6-2F46518BF4AA}.Debug|Any CPU.Build.0 = Debug|Any CPU
		{61CE8616-5BEA-4F9F-95F6-2F46518BF4AA}.Release|Any CPU.ActiveCfg = Release|Any CPU
		{61CE8616-5BEA-4F9F-95F6-2F46518BF4AA}.Release|Any CPU.Build.0 = Release|Any CPU
		{CFA6B22A-DC30-4614-B904-136505722624}.Debug|Any CPU.ActiveCfg = Debug|Any CPU
		{CFA6B22A-DC30-4614-B904-136505722624}.Debug|Any CPU.Build.0 = Debug|Any CPU
		{CFA6B22A-DC30-4614-B904-136505722624}.Release|Any CPU.ActiveCfg = Release|Any CPU
		{CFA6B22A-DC30-4614-B904-136505722624}.Release|Any CPU.Build.0 = Release|Any CPU
		{B2034AA7-113D-4E6C-B431-27281B927F7D}.Debug|Any CPU.ActiveCfg = Debug|Any CPU
		{B2034AA7-113D-4E6C-B431-27281B927F7D}.Debug|Any CPU.Build.0 = Debug|Any CPU
		{B2034AA7-113D-4E6C-B431-27281B927F7D}.Release|Any CPU.ActiveCfg = Release|Any CPU
		{B2034AA7-113D-4E6C-B431-27281B927F7D}.Release|Any CPU.Build.0 = Release|Any CPU
		{B4877A6D-B61B-4553-8BCA-B9F39607F297}.Debug|Any CPU.ActiveCfg = Debug|Any CPU
		{B4877A6D-B61B-4553-8BCA-B9F39607F297}.Debug|Any CPU.Build.0 = Debug|Any CPU
		{B4877A6D-B61B-4553-8BCA-B9F39607F297}.Release|Any CPU.ActiveCfg = Release|Any CPU
		{B4877A6D-B61B-4553-8BCA-B9F39607F297}.Release|Any CPU.Build.0 = Release|Any CPU
		{D839CBA1-07AC-4A04-ACF9-A429B4F89BD9}.Debug|Any CPU.ActiveCfg = Debug|Any CPU
		{D839CBA1-07AC-4A04-ACF9-A429B4F89BD9}.Debug|Any CPU.Build.0 = Debug|Any CPU
		{D839CBA1-07AC-4A04-ACF9-A429B4F89BD9}.Release|Any CPU.ActiveCfg = Release|Any CPU
		{D839CBA1-07AC-4A04-ACF9-A429B4F89BD9}.Release|Any CPU.Build.0 = Release|Any CPU
		{9459687E-B5DA-4FD2-ACCF-D4C5E3FD6F79}.Debug|Any CPU.ActiveCfg = Debug|Any CPU
		{9459687E-B5DA-4FD2-ACCF-D4C5E3FD6F79}.Debug|Any CPU.Build.0 = Debug|Any CPU
		{9459687E-B5DA-4FD2-ACCF-D4C5E3FD6F79}.Release|Any CPU.ActiveCfg = Release|Any CPU
		{9459687E-B5DA-4FD2-ACCF-D4C5E3FD6F79}.Release|Any CPU.Build.0 = Release|Any CPU
		{D8B162FF-F2FE-458F-A19F-791F5FA64BE0}.Debug|Any CPU.ActiveCfg = Debug|Any CPU
		{D8B162FF-F2FE-458F-A19F-791F5FA64BE0}.Debug|Any CPU.Build.0 = Debug|Any CPU
		{D8B162FF-F2FE-458F-A19F-791F5FA64BE0}.Release|Any CPU.ActiveCfg = Release|Any CPU
		{D8B162FF-F2FE-458F-A19F-791F5FA64BE0}.Release|Any CPU.Build.0 = Release|Any CPU
		{72927B07-F76D-4AC5-99A1-BAC1B511F96B}.Debug|Any CPU.ActiveCfg = Debug|Any CPU
		{72927B07-F76D-4AC5-99A1-BAC1B511F96B}.Debug|Any CPU.Build.0 = Debug|Any CPU
		{72927B07-F76D-4AC5-99A1-BAC1B511F96B}.Release|Any CPU.ActiveCfg = Release|Any CPU
		{72927B07-F76D-4AC5-99A1-BAC1B511F96B}.Release|Any CPU.Build.0 = Release|Any CPU
		{59845C61-226D-40E9-9DFC-AC58B627041E}.Debug|Any CPU.ActiveCfg = Debug|Any CPU
		{59845C61-226D-40E9-9DFC-AC58B627041E}.Debug|Any CPU.Build.0 = Debug|Any CPU
		{59845C61-226D-40E9-9DFC-AC58B627041E}.Release|Any CPU.ActiveCfg = Release|Any CPU
		{59845C61-226D-40E9-9DFC-AC58B627041E}.Release|Any CPU.Build.0 = Release|Any CPU
		{BA4D23A0-0B1B-4FA4-9421-2F197B6EBF79}.Debug|Any CPU.ActiveCfg = Debug|Any CPU
		{BA4D23A0-0B1B-4FA4-9421-2F197B6EBF79}.Debug|Any CPU.Build.0 = Debug|Any CPU
		{BA4D23A0-0B1B-4FA4-9421-2F197B6EBF79}.Release|Any CPU.ActiveCfg = Release|Any CPU
		{BA4D23A0-0B1B-4FA4-9421-2F197B6EBF79}.Release|Any CPU.Build.0 = Release|Any CPU
	EndGlobalSection
	GlobalSection(SolutionProperties) = preSolution
		HideSolutionNode = FALSE
	EndGlobalSection
	GlobalSection(NestedProjects) = preSolution
		{EA347003-944B-452E-A961-76A263B117EC} = {D3931DA2-6BA6-4DF6-9C48-3AC0D09E0B23}
		{0786E833-6B41-4DF1-8A50-73E3E41CB379} = {D3931DA2-6BA6-4DF6-9C48-3AC0D09E0B23}
		{E202495F-A1A6-415F-B453-18933A0EA405} = {D3931DA2-6BA6-4DF6-9C48-3AC0D09E0B23}
		{3F487B6C-8A9D-4B8C-A197-3156743603E7} = {D3931DA2-6BA6-4DF6-9C48-3AC0D09E0B23}
		{18CCC4B2-7A9D-42EC-BE7B-7922F2117012} = {D3931DA2-6BA6-4DF6-9C48-3AC0D09E0B23}
		{1D35B2DB-26B0-4CD1-B17D-A42486F9E329} = {E8F091E0-20A4-4E9F-9843-594E297FF8C6}
		{14912B87-808A-48C0-A5FD-9C93721FCECB} = {E8F091E0-20A4-4E9F-9843-594E297FF8C6}
		{61CE8616-5BEA-4F9F-95F6-2F46518BF4AA} = {E8F091E0-20A4-4E9F-9843-594E297FF8C6}
		{CFA6B22A-DC30-4614-B904-136505722624} = {F4C2EA13-9110-40BC-9E44-CE9B7F3B4E9B}
		{B2034AA7-113D-4E6C-B431-27281B927F7D} = {F4C2EA13-9110-40BC-9E44-CE9B7F3B4E9B}
		{B4877A6D-B61B-4553-8BCA-B9F39607F297} = {BC5E1F99-ADF5-4148-B291-B38DE94BE209}
		{D839CBA1-07AC-4A04-ACF9-A429B4F89BD9} = {CFDBD567-5444-421C-8423-12CCD805F005}
		{9459687E-B5DA-4FD2-ACCF-D4C5E3FD6F79} = {BC5E1F99-ADF5-4148-B291-B38DE94BE209}
		{D8B162FF-F2FE-458F-A19F-791F5FA64BE0} = {BF0EB1FC-BD36-4A32-97F2-69768DFC6072}
		{72927B07-F76D-4AC5-99A1-BAC1B511F96B} = {BC40F7CF-284A-45D6-BB71-FE9566EB1D71}
		{59845C61-226D-40E9-9DFC-AC58B627041E} = {6D833E73-66B4-4EB6-A0D7-E8B144EE14B0}
		{BA4D23A0-0B1B-4FA4-9421-2F197B6EBF79} = {E0480F16-0666-4C84-85C4-FCD5ACB53829}
	EndGlobalSection
	GlobalSection(ExtensibilityGlobals) = postSolution
		SolutionGuid = {C34A5979-52C7-4779-8F1F-2AB96B763E64}
	EndGlobalSection
EndGlobal
